<?xml version="1.0" encoding="utf-8"?>
<Project ToolsVersion="4.0" xmlns="http://schemas.microsoft.com/developer/msbuild/2003">
  <ItemGroup>
    <Filter Include="Source Files">
      <UniqueIdentifier>{4FC737F1-C7A5-4376-A066-2A32D752A2FF}</UniqueIdentifier>
      <Extensions>cpp;c;cc;cxx;c++;cppm;ixx;def;odl;idl;hpj;bat;asm;asmx</Extensions>
    </Filter>
    <Filter Include="Header Files">
      <UniqueIdentifier>{93995380-89BD-4b04-88EB-625FBE52EBFB}</UniqueIdentifier>
      <Extensions>h;hh;hpp;hxx;h++;hm;inl;inc;ipp;xsd</Extensions>
    </Filter>
    <Filter Include="Resource Files">
      <UniqueIdentifier>{67DA6AB6-F800-4c08-8B7A-83BB121AAD01}</UniqueIdentifier>
      <Extensions>rc;ico;cur;bmp;dlg;rc2;rct;bin;rgs;gif;jpg;jpeg;jpe;resx;tiff;tif;png;wav;mfcribbon-ms</Extensions>
    </Filter>
  </ItemGroup>
  <ItemGroup>
    <ClCompile Include="Src\CPP\main.cpp">
      <Filter>Source Files</Filter>
    </ClCompile>
    <ClCompile Include="Src\glad.c">
      <Filter>Source Files</Filter>
    </ClCompile>
    <ClCompile Include="Src\CPP\camera.cpp">
      <Filter>Source Files</Filter>
    </ClCompile>
    <ClCompile Include="Src\CPP\sceneObject.cpp">
      <Filter>Source Files</Filter>
    </ClCompile>
    <ClCompile Include="Src\CPP\shader.cpp">
      <Filter>Source Files</Filter>
    </ClCompile>
    <ClCompile Include="Src\CPP\triangularMesh.cpp">
      <Filter>Source Files</Filter>
    </ClCompile>
    <ClCompile Include="Src\CPP\gfx.cpp">
      <Filter>Source Files</Filter>
    </ClCompile>
  </ItemGroup>
  <ItemGroup>
    <ClInclude Include="Src\Headers\Cy\cyCore.h">
      <Filter>Header Files</Filter>
    </ClInclude>
    <ClInclude Include="Src\Headers\Cy\cyTriMesh.h">
      <Filter>Header Files</Filter>
    </ClInclude>
    <ClInclude Include="Src\Headers\Cy\cyVector.h">
      <Filter>Header Files</Filter>
    </ClInclude>
    <ClInclude Include="Src\Headers\Custom\custom_utils.h">
      <Filter>Header Files</Filter>
    </ClInclude>
    <ClInclude Include="Src\Headers\KHR\khrplatform.h">
      <Filter>Header Files</Filter>
    </ClInclude>
    <ClInclude Include="Src\Headers\glad\glad.h">
      <Filter>Header Files</Filter>
    </ClInclude>
    <ClInclude Include="Src\Headers\Custom\ObjModel.h">
      <Filter>Header Files</Filter>
    </ClInclude>
    <ClInclude Include="Src\Headers\Custom\camera.h">
      <Filter>Header Files</Filter>
    </ClInclude>
    <ClInclude Include="Src\Headers\Cy\cyMatrix.h">
      <Filter>Header Files</Filter>
    </ClInclude>
    <ClInclude Include="Src\Headers\Custom\sceneObject.h">
      <Filter>Header Files</Filter>
    </ClInclude>
    <ClInclude Include="Src\Headers\Custom\InteractionHandler.h">
      <Filter>Header Files</Filter>
    </ClInclude>
    <ClInclude Include="Src\Headers\Custom\Components\Component.h">
      <Filter>Header Files</Filter>
    </ClInclude>
    <ClInclude Include="Src\Headers\Custom\Materials\Material.h">
      <Filter>Header Files</Filter>
    </ClInclude>
    <ClInclude Include="Src\Headers\Custom\Materials\Blinn.h">
      <Filter>Header Files</Filter>
    </ClInclude>
    <ClInclude Include="Src\Headers\Custom\Components\DirectionalLight.h">
      <Filter>Header Files</Filter>
    </ClInclude>
    <ClInclude Include="Src\Headers\Custom\includes.h">
      <Filter>Header Files</Filter>
    </ClInclude>
    <ClInclude Include="Src\Headers\camera.h">
      <Filter>Header Files</Filter>
    </ClInclude>
    <ClInclude Include="Src\Headers\Components\Component.h">
      <Filter>Header Files</Filter>
    </ClInclude>
    <ClInclude Include="Src\Headers\Components\DirectionalLight.h">
      <Filter>Header Files</Filter>
    </ClInclude>
    <ClInclude Include="Src\Headers\customUtils.h">
      <Filter>Header Files</Filter>
    </ClInclude>
    <ClInclude Include="Src\Headers\gfx.h">
      <Filter>Header Files</Filter>
    </ClInclude>
    <ClInclude Include="Src\Headers\includes.h">
      <Filter>Header Files</Filter>
    </ClInclude>
    <ClInclude Include="Src\Headers\InteractionHandler.h">
      <Filter>Header Files</Filter>
    </ClInclude>
    <ClInclude Include="Src\Headers\Materials\Blinn.h">
      <Filter>Header Files</Filter>
    </ClInclude>
    <ClInclude Include="Src\Headers\shader.h">
      <Filter>Header Files</Filter>
    </ClInclude>
    <ClInclude Include="Src\Headers\triangularMesh.h">
      <Filter>Header Files</Filter>
    </ClInclude>
    <ClInclude Include="Src\Headers\sceneObject.h">
      <Filter>Header Files</Filter>
    </ClInclude>
  </ItemGroup>
  <ItemGroup>
    <None Include="Src\Shaders\Unlit\unlit.frag" />
    <None Include="Src\Shaders\Unlit\unlit.vert" />
  </ItemGroup>
</Project>